{
  "name": "hxd-ng-e2e",
  "lockfileVersion": 3,
  "requires": true,
  "packages": {
    "": {
      "name": "hxd-ng-e2e",
      "dependencies": {
        "@hotline-ng/client": "file:../../hx-ng/packages/hotline-ng"
      }
    },
    "../../hx-ng/packages/hotline-ng": {
      "name": "@hotline-ng/client",
      "version": "0.1.0",
      "license": "GPL-2.0-or-later"
    },
    "node_modules/@hotline-ng/client": {
      "resolved": "../../hx-ng/packages/hotline-ng",
      "link": true
    }
  }
}
